
Microsoft Visual Studio Solution File, Format Version 12.00
# Visual Studio Version 17
VisualStudioVersion = 17.7.34031.279
MinimumVisualStudioVersion = 10.0.40219.1
Project("{8BC9CEB8-8B4A-11D0-8D11-00A0C91BC942}") = "Atomic", "Atomic.vcxproj", "{A83E652D-9F8A-40B2-AD62-6289F4F0D22B}"
EndProject
Global
	GlobalSection(SolutionConfigurationPlatforms) = preSolution
		Debug|x64 = Debug|x64
		Debug|x86 = Debug|x86
		Release|x64 = Release|x64
		Release|x86 = Release|x86
	EndGlobalSection
	GlobalSection(ProjectConfigurationPlatforms) = postSolution
		{A83E652D-9F8A-40B2-AD62-6289F4F0D22B}.Debug|x64.ActiveCfg = Debug|x64
		{A83E652D-9F8A-40B2-AD62-6289F4F0D22B}.Debug|x64.Build.0 = Debug|x64
		{A83E652D-9F8A-40B2-AD62-6289F4F0D22B}.Debug|x86.ActiveCfg = Debug|Win32
		{A83E652D-9F8A-40B2-AD62-6289F4F0D22B}.Debug|x86.Build.0 = Debug|Win32
		{A83E652D-9F8A-40B2-AD62-6289F4F0D22B}.Release|x64.ActiveCfg = Release|x64
		{A83E652D-9F8A-40B2-AD62-6289F4F0D22B}.Release|x64.Build.0 = Release|x64
		{A83E652D-9F8A-40B2-AD62-6289F4F0D22B}.Release|x86.ActiveCfg = Release|Win32
		{A83E652D-9F8A-40B2-AD62-6289F4F0D22B}.Release|x86.Build.0 = Release|Win32
	EndGlobalSection
	GlobalSection(SolutionProperties) = preSolution
		HideSolutionNode = FALSE
	EndGlobalSection
	GlobalSection(ExtensibilityGlobals) = postSolution
		SolutionGuid = {ACC40E02-7AD1-4163-B3E7-52CB560EA562}
	EndGlobalSection
EndGlobal
